// !$*UTF8*$!
{
	archiveVersion = 1;
	classes = {
	};
	objectVersion = 46;
	objects = {

/* Begin PBXBuildFile section */
		1CBA7A8918D7444C000A0623 /* SDWebImage.framework in Frameworks */ = {isa = PBXBuildFile; fileRef = 1CBA7A8818D7444C000A0623 /* SDWebImage.framework */; };
		1CBA7A8B18D744AE000A0623 /* ImageIO.framework in Frameworks */ = {isa = PBXBuildFile; fileRef = 1CBA7A8A18D744AE000A0623 /* ImageIO.framework */; };
		1CCC52CF18D484C700C624E9 /* Foundation.framework in Frameworks */ = {isa = PBXBuildFile; fileRef = 1CCC52CE18D484C700C624E9 /* Foundation.framework */; };
		1CCC52D118D484C700C624E9 /* CoreGraphics.framework in Frameworks */ = {isa = PBXBuildFile; fileRef = 1CCC52D018D484C700C624E9 /* CoreGraphics.framework */; };
		1CCC52D318D484C700C624E9 /* UIKit.framework in Frameworks */ = {isa = PBXBuildFile; fileRef = 1CCC52D218D484C700C624E9 /* UIKit.framework */; };
		1CCC52D918D484C700C624E9 /* InfoPlist.strings in Resources */ = {isa = PBXBuildFile; fileRef = 1CCC52D718D484C700C624E9 /* InfoPlist.strings */; };
		1CCC52DB18D484C700C624E9 /* main.m in Sources */ = {isa = PBXBuildFile; fileRef = 1CCC52DA18D484C700C624E9 /* main.m */; };
		1CCC52DF18D484C700C624E9 /* AppDelegate.m in Sources */ = {isa = PBXBuildFile; fileRef = 1CCC52DE18D484C700C624E9 /* AppDelegate.m */; };
		1CCC52E118D484C700C624E9 /* Images.xcassets in Resources */ = {isa = PBXBuildFile; fileRef = 1CCC52E018D484C700C624E9 /* Images.xcassets */; };
		1CCC52E818D484C700C624E9 /* XCTest.framework in Frameworks */ = {isa = PBXBuildFile; fileRef = 1CCC52E718D484C700C624E9 /* XCTest.framework */; };
		1CCC52E918D484C700C624E9 /* Foundation.framework in Frameworks */ = {isa = PBXBuildFile; fileRef = 1CCC52CE18D484C700C624E9 /* Foundation.framework */; };
		1CCC52EA18D484C700C624E9 /* UIKit.framework in Frameworks */ = {isa = PBXBuildFile; fileRef = 1CCC52D218D484C700C624E9 /* UIKit.framework */; };
		1CCC52F218D484C700C624E9 /* InfoPlist.strings in Resources */ = {isa = PBXBuildFile; fileRef = 1CCC52F018D484C700C624E9 /* InfoPlist.strings */; };
		1CCC52F418D484C700C624E9 /* SpiritTests.m in Sources */ = {isa = PBXBuildFile; fileRef = 1CCC52F318D484C700C624E9 /* SpiritTests.m */; };
		1CCC530818D491E600C624E9 /* p4557986.jpg in Resources */ = {isa = PBXBuildFile; fileRef = 1CCC530718D491E600C624E9 /* p4557986.jpg */; };
		1CCC530C18D569F400C624E9 /* Cell.m in Sources */ = {isa = PBXBuildFile; fileRef = 1CCC530B18D569F400C624E9 /* Cell.m */; };
		1CCC531518D58F8B00C624E9 /* ZYCollectionViewController.m in Sources */ = {isa = PBXBuildFile; fileRef = 1CCC531318D58F8B00C624E9 /* ZYCollectionViewController.m */; };
		1CCC531618D58F8B00C624E9 /* ZYCollectionViewController.xib in Resources */ = {isa = PBXBuildFile; fileRef = 1CCC531418D58F8B00C624E9 /* ZYCollectionViewController.xib */; };
		1CCC531B18D5908800C624E9 /* ViewController.m in Sources */ = {isa = PBXBuildFile; fileRef = 1CCC531918D5908800C624E9 /* ViewController.m */; };
		1CCC531C18D5908800C624E9 /* ViewController.xib in Resources */ = {isa = PBXBuildFile; fileRef = 1CCC531A18D5908800C624E9 /* ViewController.xib */; };
		1CCC532018D5A58C00C624E9 /* ZYurl.m in Sources */ = {isa = PBXBuildFile; fileRef = 1CCC531F18D5A58C00C624E9 /* ZYurl.m */; };
		1CCC532218D5B2C500C624E9 /* libxml2.dylib in Frameworks */ = {isa = PBXBuildFile; fileRef = 1CCC532118D5B2C500C624E9 /* libxml2.dylib */; };
		1CCC532D18D5C80B00C624E9 /* HTMLNode.m in Sources */ = {isa = PBXBuildFile; fileRef = 1CCC532A18D5C80B00C624E9 /* HTMLNode.m */; };
		1CCC532E18D5C80B00C624E9 /* HTMLParser.m in Sources */ = {isa = PBXBuildFile; fileRef = 1CCC532C18D5C80B00C624E9 /* HTMLParser.m */; };
/* End PBXBuildFile section */

/* Begin PBXContainerItemProxy section */
		1CCC52EB18D484C700C624E9 /* PBXContainerItemProxy */ = {
			isa = PBXContainerItemProxy;
			containerPortal = 1CCC52C318D484C700C624E9 /* Project object */;
			proxyType = 1;
			remoteGlobalIDString = 1CCC52CA18D484C700C624E9;
			remoteInfo = Spirit;
		};
/* End PBXContainerItemProxy section */

/* Begin PBXFileReference section */
		1CBA7A8818D7444C000A0623 /* SDWebImage.framework */ = {isa = PBXFileReference; lastKnownFileType = wrapper.framework; name = SDWebImage.framework; path = ../workspace/codeRepo/SDWebImage.framework; sourceTree = "<group>"; };
		1CBA7A8A18D744AE000A0623 /* ImageIO.framework */ = {isa = PBXFileReference; lastKnownFileType = wrapper.framework; name = ImageIO.framework; path = System/Library/Frameworks/ImageIO.framework; sourceTree = SDKROOT; };
		1CCC52CB18D484C700C624E9 /* Spirit.app */ = {isa = PBXFileReference; explicitFileType = wrapper.application; includeInIndex = 0; path = Spirit.app; sourceTree = BUILT_PRODUCTS_DIR; };
		1CCC52CE18D484C700C624E9 /* Foundation.framework */ = {isa = PBXFileReference; lastKnownFileType = wrapper.framework; name = Foundation.framework; path = System/Library/Frameworks/Foundation.framework; sourceTree = SDKROOT; };
		1CCC52D018D484C700C624E9 /* CoreGraphics.framework */ = {isa = PBXFileReference; lastKnownFileType = wrapper.framework; name = CoreGraphics.framework; path = System/Library/Frameworks/CoreGraphics.framework; sourceTree = SDKROOT; };
		1CCC52D218D484C700C624E9 /* UIKit.framework */ = {isa = PBXFileReference; lastKnownFileType = wrapper.framework; name = UIKit.framework; path = System/Library/Frameworks/UIKit.framework; sourceTree = SDKROOT; };
		1CCC52D618D484C700C624E9 /* Spirit-Info.plist */ = {isa = PBXFileReference; lastKnownFileType = text.plist.xml; path = "Spirit-Info.plist"; sourceTree = "<group>"; };
		1CCC52D818D484C700C624E9 /* en */ = {isa = PBXFileReference; lastKnownFileType = text.plist.strings; name = en; path = en.lproj/InfoPlist.strings; sourceTree = "<group>"; };
		1CCC52DA18D484C700C624E9 /* main.m */ = {isa = PBXFileReference; lastKnownFileType = sourcecode.c.objc; path = main.m; sourceTree = "<group>"; };
		1CCC52DC18D484C700C624E9 /* Spirit-Prefix.pch */ = {isa = PBXFileReference; lastKnownFileType = sourcecode.c.h; path = "Spirit-Prefix.pch"; sourceTree = "<group>"; };
		1CCC52DD18D484C700C624E9 /* AppDelegate.h */ = {isa = PBXFileReference; lastKnownFileType = sourcecode.c.h; path = AppDelegate.h; sourceTree = "<group>"; };
		1CCC52DE18D484C700C624E9 /* AppDelegate.m */ = {isa = PBXFileReference; lastKnownFileType = sourcecode.c.objc; path = AppDelegate.m; sourceTree = "<group>"; };
		1CCC52E018D484C700C624E9 /* Images.xcassets */ = {isa = PBXFileReference; lastKnownFileType = folder.assetcatalog; path = Images.xcassets; sourceTree = "<group>"; };
		1CCC52E618D484C700C624E9 /* SpiritTests.xctest */ = {isa = PBXFileReference; explicitFileType = wrapper.cfbundle; includeInIndex = 0; path = SpiritTests.xctest; sourceTree = BUILT_PRODUCTS_DIR; };
		1CCC52E718D484C700C624E9 /* XCTest.framework */ = {isa = PBXFileReference; lastKnownFileType = wrapper.framework; name = XCTest.framework; path = Library/Frameworks/XCTest.framework; sourceTree = DEVELOPER_DIR; };
		1CCC52EF18D484C700C624E9 /* SpiritTests-Info.plist */ = {isa = PBXFileReference; lastKnownFileType = text.plist.xml; path = "SpiritTests-Info.plist"; sourceTree = "<group>"; };
		1CCC52F118D484C700C624E9 /* en */ = {isa = PBXFileReference; lastKnownFileType = text.plist.strings; name = en; path = en.lproj/InfoPlist.strings; sourceTree = "<group>"; };
		1CCC52F318D484C700C624E9 /* SpiritTests.m */ = {isa = PBXFileReference; lastKnownFileType = sourcecode.c.objc; path = SpiritTests.m; sourceTree = "<group>"; };
		1CCC530718D491E600C624E9 /* p4557986.jpg */ = {isa = PBXFileReference; lastKnownFileType = image.jpeg; name = p4557986.jpg; path = ../../p4557986.jpg; sourceTree = "<group>"; };
		1CCC530A18D569F400C624E9 /* Cell.h */ = {isa = PBXFileReference; fileEncoding = 4; lastKnownFileType = sourcecode.c.h; path = Cell.h; sourceTree = "<group>"; };
		1CCC530B18D569F400C624E9 /* Cell.m */ = {isa = PBXFileReference; fileEncoding = 4; lastKnownFileType = sourcecode.c.objc; path = Cell.m; sourceTree = "<group>"; };
		1CCC531218D58F8B00C624E9 /* ZYCollectionViewController.h */ = {isa = PBXFileReference; fileEncoding = 4; lastKnownFileType = sourcecode.c.h; path = ZYCollectionViewController.h; sourceTree = "<group>"; };
		1CCC531318D58F8B00C624E9 /* ZYCollectionViewController.m */ = {isa = PBXFileReference; fileEncoding = 4; lastKnownFileType = sourcecode.c.objc; path = ZYCollectionViewController.m; sourceTree = "<group>"; };
		1CCC531418D58F8B00C624E9 /* ZYCollectionViewController.xib */ = {isa = PBXFileReference; fileEncoding = 4; lastKnownFileType = file.xib; path = ZYCollectionViewController.xib; sourceTree = "<group>"; };
		1CCC531818D5908800C624E9 /* ViewController.h */ = {isa = PBXFileReference; fileEncoding = 4; lastKnownFileType = sourcecode.c.h; path = ViewController.h; sourceTree = "<group>"; };
		1CCC531918D5908800C624E9 /* ViewController.m */ = {isa = PBXFileReference; fileEncoding = 4; lastKnownFileType = sourcecode.c.objc; path = ViewController.m; sourceTree = "<group>"; };
		1CCC531A18D5908800C624E9 /* ViewController.xib */ = {isa = PBXFileReference; fileEncoding = 4; lastKnownFileType = file.xib; path = ViewController.xib; sourceTree = "<group>"; };
		1CCC531E18D5A58C00C624E9 /* ZYurl.h */ = {isa = PBXFileReference; fileEncoding = 4; lastKnownFileType = sourcecode.c.h; path = ZYurl.h; sourceTree = "<group>"; };
		1CCC531F18D5A58C00C624E9 /* ZYurl.m */ = {isa = PBXFileReference; fileEncoding = 4; lastKnownFileType = sourcecode.c.objc; path = ZYurl.m; sourceTree = "<group>"; };
		1CCC532118D5B2C500C624E9 /* libxml2.dylib */ = {isa = PBXFileReference; lastKnownFileType = "compiled.mach-o.dylib"; name = libxml2.dylib; path = usr/lib/libxml2.dylib; sourceTree = SDKROOT; };
		1CCC532918D5C80B00C624E9 /* HTMLNode.h */ = {isa = PBXFileReference; fileEncoding = 4; lastKnownFileType = sourcecode.c.h; path = HTMLNode.h; sourceTree = "<group>"; };
		1CCC532A18D5C80B00C624E9 /* HTMLNode.m */ = {isa = PBXFileReference; fileEncoding = 4; lastKnownFileType = sourcecode.c.objc; path = HTMLNode.m; sourceTree = "<group>"; };
		1CCC532B18D5C80B00C624E9 /* HTMLParser.h */ = {isa = PBXFileReference; fileEncoding = 4; lastKnownFileType = sourcecode.c.h; path = HTMLParser.h; sourceTree = "<group>"; };
		1CCC532C18D5C80B00C624E9 /* HTMLParser.m */ = {isa = PBXFileReference; fileEncoding = 4; lastKnownFileType = sourcecode.c.objc; path = HTMLParser.m; sourceTree = "<group>"; };
/* End PBXFileReference section */

/* Begin PBXFrameworksBuildPhase section */
		1CCC52C818D484C700C624E9 /* Frameworks */ = {
			isa = PBXFrameworksBuildPhase;
			buildActionMask = 2147483647;
			files = (
				1CBA7A8B18D744AE000A0623 /* ImageIO.framework in Frameworks */,
				1CBA7A8918D7444C000A0623 /* SDWebImage.framework in Frameworks */,
				1CCC532218D5B2C500C624E9 /* libxml2.dylib in Frameworks */,
				1CCC52D118D484C700C624E9 /* CoreGraphics.framework in Frameworks */,
				1CCC52D318D484C700C624E9 /* UIKit.framework in Frameworks */,
				1CCC52CF18D484C700C624E9 /* Foundation.framework in Frameworks */,
			);
			runOnlyForDeploymentPostprocessing = 0;
		};
		1CCC52E318D484C700C624E9 /* Frameworks */ = {
			isa = PBXFrameworksBuildPhase;
			buildActionMask = 2147483647;
			files = (
				1CCC52E818D484C700C624E9 /* XCTest.framework in Frameworks */,
				1CCC52EA18D484C700C624E9 /* UIKit.framework in Frameworks */,
				1CCC52E918D484C700C624E9 /* Foundation.framework in Frameworks */,
			);
			runOnlyForDeploymentPostprocessing = 0;
		};
/* End PBXFrameworksBuildPhase section */

/* Begin PBXGroup section */
		1CCC52C218D484C700C624E9 = {
			isa = PBXGroup;
			children = (
				1CCC52D418D484C700C624E9 /* Spirit */,
				1CCC52ED18D484C700C624E9 /* SpiritTests */,
				1CCC52CD18D484C700C624E9 /* Frameworks */,
				1CCC52CC18D484C700C624E9 /* Products */,
			);
			sourceTree = "<group>";
		};
		1CCC52CC18D484C700C624E9 /* Products */ = {
			isa = PBXGroup;
			children = (
				1CCC52CB18D484C700C624E9 /* Spirit.app */,
				1CCC52E618D484C700C624E9 /* SpiritTests.xctest */,
			);
			name = Products;
			sourceTree = "<group>";
		};
		1CCC52CD18D484C700C624E9 /* Frameworks */ = {
			isa = PBXGroup;
			children = (
				1CBA7A8A18D744AE000A0623 /* ImageIO.framework */,
				1CCC532118D5B2C500C624E9 /* libxml2.dylib */,
				1CBA7A8818D7444C000A0623 /* SDWebImage.framework */,
				1CCC52CE18D484C700C624E9 /* Foundation.framework */,
				1CCC52D018D484C700C624E9 /* CoreGraphics.framework */,
				1CCC52D218D484C700C624E9 /* UIKit.framework */,
				1CCC52E718D484C700C624E9 /* XCTest.framework */,
			);
			name = Frameworks;
			sourceTree = "<group>";
		};
		1CCC52D418D484C700C624E9 /* Spirit */ = {
			isa = PBXGroup;
			children = (
				1CCC52FD18D4867200C624E9 /* Spirit */,
				1CCC52DD18D484C700C624E9 /* AppDelegate.h */,
				1CCC52DE18D484C700C624E9 /* AppDelegate.m */,
				1CCC52E018D484C700C624E9 /* Images.xcassets */,
				1CCC52D518D484C700C624E9 /* Supporting Files */,
			);
			path = Spirit;
			sourceTree = "<group>";
		};
		1CCC52D518D484C700C624E9 /* Supporting Files */ = {
			isa = PBXGroup;
			children = (
				1CCC530618D4913800C624E9 /* Images */,
				1CCC52D618D484C700C624E9 /* Spirit-Info.plist */,
				1CCC52D718D484C700C624E9 /* InfoPlist.strings */,
				1CCC52DA18D484C700C624E9 /* main.m */,
				1CCC52DC18D484C700C624E9 /* Spirit-Prefix.pch */,
			);
			name = "Supporting Files";
			sourceTree = "<group>";
		};
		1CCC52ED18D484C700C624E9 /* SpiritTests */ = {
			isa = PBXGroup;
			children = (
				1CCC52F318D484C700C624E9 /* SpiritTests.m */,
				1CCC52EE18D484C700C624E9 /* Supporting Files */,
			);
			path = SpiritTests;
			sourceTree = "<group>";
		};
		1CCC52EE18D484C700C624E9 /* Supporting Files */ = {
			isa = PBXGroup;
			children = (
				1CCC52EF18D484C700C624E9 /* SpiritTests-Info.plist */,
				1CCC52F018D484C700C624E9 /* InfoPlist.strings */,
			);
			name = "Supporting Files";
			sourceTree = "<group>";
		};
		1CCC52FD18D4867200C624E9 /* Spirit */ = {
			isa = PBXGroup;
			children = (
				1CCC531718D5906D00C624E9 /* Demo */,
				1CCC530918D569CD00C624E9 /* Classes */,
			);
			name = Spirit;
			sourceTree = "<group>";
		};
		1CCC530618D4913800C624E9 /* Images */ = {
			isa = PBXGroup;
			children = (
				1CCC530718D491E600C624E9 /* p4557986.jpg */,
			);
			name = Images;
			sourceTree = "<group>";
		};
		1CCC530918D569CD00C624E9 /* Classes */ = {
			isa = PBXGroup;
			children = (
				1CCC531D18D5A54C00C624E9 /* Common */,
				1CCC530A18D569F400C624E9 /* Cell.h */,
				1CCC530B18D569F400C624E9 /* Cell.m */,
				1CCC531218D58F8B00C624E9 /* ZYCollectionViewController.h */,
				1CCC531318D58F8B00C624E9 /* ZYCollectionViewController.m */,
				1CCC531418D58F8B00C624E9 /* ZYCollectionViewController.xib */,
			);
			name = Classes;
			sourceTree = "<group>";
		};
		1CCC531718D5906D00C624E9 /* Demo */ = {
			isa = PBXGroup;
			children = (
				1CCC531818D5908800C624E9 /* ViewController.h */,
				1CCC531918D5908800C624E9 /* ViewController.m */,
				1CCC531A18D5908800C624E9 /* ViewController.xib */,
			);
			name = Demo;
			sourceTree = "<group>";
		};
		1CCC531D18D5A54C00C624E9 /* Common */ = {
			isa = PBXGroup;
			children = (
				1CCC532918D5C80B00C624E9 /* HTMLNode.h */,
				1CCC532A18D5C80B00C624E9 /* HTMLNode.m */,
				1CCC532B18D5C80B00C624E9 /* HTMLParser.h */,
				1CCC532C18D5C80B00C624E9 /* HTMLParser.m */,
				1CCC531E18D5A58C00C624E9 /* ZYurl.h */,
				1CCC531F18D5A58C00C624E9 /* ZYurl.m */,
			);
			name = Common;
			sourceTree = "<group>";
		};
/* End PBXGroup section */

/* Begin PBXNativeTarget section */
		1CCC52CA18D484C700C624E9 /* Spirit */ = {
			isa = PBXNativeTarget;
			buildConfigurationList = 1CCC52F718D484C700C624E9 /* Build configuration list for PBXNativeTarget "Spirit" */;
			buildPhases = (
				1CCC52C718D484C700C624E9 /* Sources */,
				1CCC52C818D484C700C624E9 /* Frameworks */,
				1CCC52C918D484C700C624E9 /* Resources */,
			);
			buildRules = (
			);
			dependencies = (
			);
			name = Spirit;
			productName = Spirit;
			productReference = 1CCC52CB18D484C700C624E9 /* Spirit.app */;
			productType = "com.apple.product-type.application";
		};
		1CCC52E518D484C700C624E9 /* SpiritTests */ = {
			isa = PBXNativeTarget;
			buildConfigurationList = 1CCC52FA18D484C700C624E9 /* Build configuration list for PBXNativeTarget "SpiritTests" */;
			buildPhases = (
				1CCC52E218D484C700C624E9 /* Sources */,
				1CCC52E318D484C700C624E9 /* Frameworks */,
				1CCC52E418D484C700C624E9 /* Resources */,
			);
			buildRules = (
			);
			dependencies = (
				1CCC52EC18D484C700C624E9 /* PBXTargetDependency */,
			);
			name = SpiritTests;
			productName = SpiritTests;
			productReference = 1CCC52E618D484C700C624E9 /* SpiritTests.xctest */;
			productType = "com.apple.product-type.bundle.unit-test";
		};
/* End PBXNativeTarget section */

/* Begin PBXProject section */
		1CCC52C318D484C700C624E9 /* Project object */ = {
			isa = PBXProject;
			attributes = {
				LastUpgradeCheck = 0510;
				ORGANIZATIONNAME = Ying.Zhao;
				TargetAttributes = {
					1CCC52E518D484C700C624E9 = {
						TestTargetID = 1CCC52CA18D484C700C624E9;
					};
				};
			};
			buildConfigurationList = 1CCC52C618D484C700C624E9 /* Build configuration list for PBXProject "Spirit" */;
			compatibilityVersion = "Xcode 3.2";
			developmentRegion = English;
			hasScannedForEncodings = 0;
			knownRegions = (
				en,
			);
			mainGroup = 1CCC52C218D484C700C624E9;
			productRefGroup = 1CCC52CC18D484C700C624E9 /* Products */;
			projectDirPath = "";
			projectRoot = "";
			targets = (
				1CCC52CA18D484C700C624E9 /* Spirit */,
				1CCC52E518D484C700C624E9 /* SpiritTests */,
			);
		};
/* End PBXProject section */

/* Begin PBXResourcesBuildPhase section */
		1CCC52C918D484C700C624E9 /* Resources */ = {
			isa = PBXResourcesBuildPhase;
			buildActionMask = 2147483647;
			files = (
				1CCC531C18D5908800C624E9 /* ViewController.xib in Resources */,
				1CCC52D918D484C700C624E9 /* InfoPlist.strings in Resources */,
				1CCC52E118D484C700C624E9 /* Images.xcassets in Resources */,
				1CCC531618D58F8B00C624E9 /* ZYCollectionViewController.xib in Resources */,
				1CCC530818D491E600C624E9 /* p4557986.jpg in Resources */,
			);
			runOnlyForDeploymentPostprocessing = 0;
		};
		1CCC52E418D484C700C624E9 /* Resources */ = {
			isa = PBXResourcesBuildPhase;
			buildActionMask = 2147483647;
			files = (
				1CCC52F218D484C700C624E9 /* InfoPlist.strings in Resources */,
			);
			runOnlyForDeploymentPostprocessing = 0;
		};
/* End PBXResourcesBuildPhase section */

/* Begin PBXSourcesBuildPhase section */
		1CCC52C718D484C700C624E9 /* Sources */ = {
			isa = PBXSourcesBuildPhase;
			buildActionMask = 2147483647;
			files = (
				1CCC532D18D5C80B00C624E9 /* HTMLNode.m in Sources */,
				1CCC532E18D5C80B00C624E9 /* HTMLParser.m in Sources */,
				1CCC532018D5A58C00C624E9 /* ZYurl.m in Sources */,
				1CCC530C18D569F400C624E9 /* Cell.m in Sources */,
				1CCC531518D58F8B00C624E9 /* ZYCollectionViewController.m in Sources */,
				1CCC52DF18D484C700C624E9 /* AppDelegate.m in Sources */,
				1CCC52DB18D484C700C624E9 /* main.m in Sources */,
				1CCC531B18D5908800C624E9 /* ViewController.m in Sources */,
			);
			runOnlyForDeploymentPostprocessing = 0;
		};
		1CCC52E218D484C700C624E9 /* Sources */ = {
			isa = PBXSourcesBuildPhase;
			buildActionMask = 2147483647;
			files = (
				1CCC52F418D484C700C624E9 /* SpiritTests.m in Sources */,
			);
			runOnlyForDeploymentPostprocessing = 0;
		};
/* End PBXSourcesBuildPhase section */

/* Begin PBXTargetDependency section */
		1CCC52EC18D484C700C624E9 /* PBXTargetDependency */ = {
			isa = PBXTargetDependency;
			target = 1CCC52CA18D484C700C624E9 /* Spirit */;
			targetProxy = 1CCC52EB18D484C700C624E9 /* PBXContainerItemProxy */;
		};
/* End PBXTargetDependency section */

/* Begin PBXVariantGroup section */
		1CCC52D718D484C700C624E9 /* InfoPlist.strings */ = {
			isa = PBXVariantGroup;
			children = (
				1CCC52D818D484C700C624E9 /* en */,
			);
			name = InfoPlist.strings;
			sourceTree = "<group>";
		};
		1CCC52F018D484C700C624E9 /* InfoPlist.strings */ = {
			isa = PBXVariantGroup;
			children = (
				1CCC52F118D484C700C624E9 /* en */,
			);
			name = InfoPlist.strings;
			sourceTree = "<group>";
		};
/* End PBXVariantGroup section */

/* Begin XCBuildConfiguration section */
		1CCC52F518D484C700C624E9 /* Debug */ = {
			isa = XCBuildConfiguration;
			buildSettings = {
				ALWAYS_SEARCH_USER_PATHS = NO;
				CLANG_CXX_LANGUAGE_STANDARD = "gnu++0x";
				CLANG_CXX_LIBRARY = "libc++";
				CLANG_ENABLE_MODULES = YES;
				CLANG_ENABLE_OBJC_ARC = YES;
				CLANG_WARN_BOOL_CONVERSION = YES;
				CLANG_WARN_CONSTANT_CONVERSION = YES;
				CLANG_WARN_DIRECT_OBJC_ISA_USAGE = YES_ERROR;
				CLANG_WARN_EMPTY_BODY = YES;
				CLANG_WARN_ENUM_CONVERSION = YES;
				CLANG_WARN_INT_CONVERSION = YES;
				CLANG_WARN_OBJC_ROOT_CLASS = YES_ERROR;
				CLANG_WARN__DUPLICATE_METHOD_MATCH = YES;
				"CODE_SIGN_IDENTITY[sdk=iphoneos*]" = "iPhone Developer";
				COPY_PHASE_STRIP = NO;
				GCC_C_LANGUAGE_STANDARD = gnu99;
				GCC_DYNAMIC_NO_PIC = NO;
				GCC_OPTIMIZATION_LEVEL = 0;
				GCC_PREPROCESSOR_DEFINITIONS = (
					"DEBUG=1",
					"$(inherited)",
				);
				GCC_SYMBOLS_PRIVATE_EXTERN = NO;
				GCC_WARN_64_TO_32_BIT_CONVERSION = YES;
				GCC_WARN_ABOUT_RETURN_TYPE = YES_ERROR;
				GCC_WARN_UNDECLARED_SELECTOR = YES;
				GCC_WARN_UNINITIALIZED_AUTOS = YES_AGGRESSIVE;
				GCC_WARN_UNUSED_FUNCTION = YES;
				GCC_WARN_UNUSED_VARIABLE = YES;
				IPHONEOS_DEPLOYMENT_TARGET = 7.1;
				ONLY_ACTIVE_ARCH = YES;
				SDKROOT = iphoneos;
			};
			name = Debug;
		};
		1CCC52F618D484C700C624E9 /* Release */ = {
			isa = XCBuildConfiguration;
			buildSettings = {
				ALWAYS_SEARCH_USER_PATHS = NO;
				CLANG_CXX_LANGUAGE_STANDARD = "gnu++0x";
				CLANG_CXX_LIBRARY = "libc++";
				CLANG_ENABLE_MODULES = YES;
				CLANG_ENABLE_OBJC_ARC = YES;
				CLANG_WARN_BOOL_CONVERSION = YES;
				CLANG_WARN_CONSTANT_CONVERSION = YES;
				CLANG_WARN_DIRECT_OBJC_ISA_USAGE = YES_ERROR;
				CLANG_WARN_EMPTY_BODY = YES;
				CLANG_WARN_ENUM_CONVERSION = YES;
				CLANG_WARN_INT_CONVERSION = YES;
				CLANG_WARN_OBJC_ROOT_CLASS = YES_ERROR;
				CLANG_WARN__DUPLICATE_METHOD_MATCH = YES;
				"CODE_SIGN_IDENTITY[sdk=iphoneos*]" = "iPhone Developer";
				COPY_PHASE_STRIP = YES;
				ENABLE_NS_ASSERTIONS = NO;
				GCC_C_LANGUAGE_STANDARD = gnu99;
				GCC_WARN_64_TO_32_BIT_CONVERSION = YES;
				GCC_WARN_ABOUT_RETURN_TYPE = YES_ERROR;
				GCC_WARN_UNDECLARED_SELECTOR = YES;
				GCC_WARN_UNINITIALIZED_AUTOS = YES_AGGRESSIVE;
				GCC_WARN_UNUSED_FUNCTION = YES;
				GCC_WARN_UNUSED_VARIABLE = YES;
				IPHONEOS_DEPLOYMENT_TARGET = 7.1;
				SDKROOT = iphoneos;
				VALIDATE_PRODUCT = YES;
			};
			name = Release;
		};
		1CCC52F818D484C700C624E9 /* Debug */ = {
			isa = XCBuildConfiguration;
			buildSettings = {
				ASSETCATALOG_COMPILER_APPICON_NAME = AppIcon;
				ASSETCATALOG_COMPILER_LAUNCHIMAGE_NAME = LaunchImage;
				FRAMEWORK_SEARCH_PATHS = (
					"$(inherited)",
					/Users/zhaoying/workspace/codeRepo,
				);
				GCC_PRECOMPILE_PREFIX_HEADER = YES;
				GCC_PREFIX_HEADER = "Spirit/Spirit-Prefix.pch";
				HEADER_SEARCH_PATHS = (
					"$(inherited)",
					/Applications/Xcode.app/Contents/Developer/Toolchains/XcodeDefault.xctoolchain/usr/include,
					/usr/include,
					/usr/include/libxml2,
				);
				INFOPLIST_FILE = "Spirit/Spirit-Info.plist";
				OTHER_LDFLAGS = "-ObjC";
				PRODUCT_NAME = "$(TARGET_NAME)";
				WRAPPER_EXTENSION = app;
			};
			name = Debug;
		};
		1CCC52F918D484C700C624E9 /* Release */ = {
			isa = XCBuildConfiguration;
			buildSettings = {
				ASSETCATALOG_COMPILER_APPICON_NAME = AppIcon;
				ASSETCATALOG_COMPILER_LAUNCHIMAGE_NAME = LaunchImage;
				FRAMEWORK_SEARCH_PATHS = (
					"$(inherited)",
					/Users/zhaoying/workspace/codeRepo,
				);
				GCC_PRECOMPILE_PREFIX_HEADER = YES;
				GCC_PREFIX_HEADER = "Spirit/Spirit-Prefix.pch";
				HEADER_SEARCH_PATHS = (
					"$(inherited)",
					/Applications/Xcode.app/Contents/Developer/Toolchains/XcodeDefault.xctoolchain/usr/include,
					/usr/include,
					/usr/include/libxml2,
				);
				INFOPLIST_FILE = "Spirit/Spirit-Info.plist";
				OTHER_LDFLAGS = "-ObjC";
				PRODUCT_NAME = "$(TARGET_NAME)";
				WRAPPER_EXTENSION = app;
			};
			name = Release;
		};
		1CCC52FB18D484C700C624E9 /* Debug */ = {
			isa = XCBuildConfiguration;
			buildSettings = {
				BUNDLE_LOADER = "$(BUILT_PRODUCTS_DIR)/Spirit.app/Spirit";
				FRAMEWORK_SEARCH_PATHS = (
					"$(SDKROOT)/Developer/Library/Frameworks",
					"$(inherited)",
					"$(DEVELOPER_FRAMEWORKS_DIR)",
				);
				GCC_PRECOMPILE_PREFIX_HEADER = YES;
				GCC_PREFIX_HEADER = "Spirit/Spirit-Prefix.pch";
				GCC_PREPROCESSOR_DEFINITIONS = (
					"DEBUG=1",
					"$(inherited)",
				);
				INFOPLIST_FILE = "SpiritTests/SpiritTests-Info.plist";
				PRODUCT_NAME = "$(TARGET_NAME)";
				TEST_HOST = "$(BUNDLE_LOADER)";
				WRAPPER_EXTENSION = xctest;
			};
			name = Debug;
		};
		1CCC52FC18D484C700C624E9 /* Release */ = {
			isa = XCBuildConfiguration;
			buildSettings = {
				BUNDLE_LOADER = "$(BUILT_PRODUCTS_DIR)/Spirit.app/Spirit";
				FRAMEWORK_SEARCH_PATHS = (
					"$(SDKROOT)/Developer/Library/Frameworks",
					"$(inherited)",
					"$(DEVELOPER_FRAMEWORKS_DIR)",
				);
				GCC_PRECOMPILE_PREFIX_HEADER = YES;
				GCC_PREFIX_HEADER = "Spirit/Spirit-Prefix.pch";
				INFOPLIST_FILE = "SpiritTests/SpiritTests-Info.plist";
				PRODUCT_NAME = "$(TARGET_NAME)";
				TEST_HOST = "$(BUNDLE_LOADER)";
				WRAPPER_EXTENSION = xctest;
			};
			name = Release;
		};
/* End XCBuildConfiguration section */

/* Begin XCConfigurationList section */
		1CCC52C618D484C700C624E9 /* Build configuration list for PBXProject "Spirit" */ = {
			isa = XCConfigurationList;
			buildConfigurations = (
				1CCC52F518D484C700C624E9 /* Debug */,
				1CCC52F618D484C700C624E9 /* Release */,
			);
			defaultConfigurationIsVisible = 0;
			defaultConfigurationName = Release;
		};
		1CCC52F718D484C700C624E9 /* Build configuration list for PBXNativeTarget "Spirit" */ = {
			isa = XCConfigurationList;
			buildConfigurations = (
				1CCC52F818D484C700C624E9 /* Debug */,
				1CCC52F918D484C700C624E9 /* Release */,
			);
			defaultConfigurationIsVisible = 0;
			defaultConfigurationName = Release;
		};
		1CCC52FA18D484C700C624E9 /* Build configuration list for PBXNativeTarget "SpiritTests" */ = {
			isa = XCConfigurationList;
			buildConfigurations = (
				1CCC52FB18D484C700C624E9 /* Debug */,
				1CCC52FC18D484C700C624E9 /* Release */,
			);
			defaultConfigurationIsVisible = 0;
			defaultConfigurationName = Release;
		};
/* End XCConfigurationList section */
	};
	rootObject = 1CCC52C318D484C700C624E9 /* Project object */;
}
